
Microsoft Visual Studio Solution File, Format Version 12.00
# Visual Studio Version 17
VisualStudioVersion = 17.7.34003.232
MinimumVisualStudioVersion = 10.0.40219.1
Project("{9A19103F-16F7-4668-BE54-9A1E7A4F7556}") = "test-example", "test-example\test-example.csproj", "{E72AFF4E-F447-4545-8006-437A2AFBC938}"
EndProject
Project("{9A19103F-16F7-4668-BE54-9A1E7A4F7556}") = "test-eample-test", "test-eample-test\test-eample-test.csproj", "{70125481-F7F4-415B-8E81-F57D7E67721B}"
EndProject
Global
	GlobalSection(SolutionConfigurationPlatforms) = preSolution
		Debug|Any CPU = Debug|Any CPU
		Release|Any CPU = Release|Any CPU
	EndGlobalSection
	GlobalSection(ProjectConfigurationPlatforms) = postSolution
		{E72AFF4E-F447-4545-8006-437A2AFBC938}.Debug|Any CPU.ActiveCfg = Debug|Any CPU
		{E72AFF4E-F447-4545-8006-437A2AFBC938}.Debug|Any CPU.Build.0 = Debug|Any CPU
		{E72AFF4E-F447-4545-8006-437A2AFBC938}.Release|Any CPU.ActiveCfg = Release|Any CPU
		{E72AFF4E-F447-4545-8006-437A2AFBC938}.Release|Any CPU.Build.0 = Release|Any CPU
		{70125481-F7F4-415B-8E81-F57D7E67721B}.Debug|Any CPU.ActiveCfg = Debug|Any CPU
		{70125481-F7F4-415B-8E81-F57D7E67721B}.Debug|Any CPU.Build.0 = Debug|Any CPU
		{70125481-F7F4-415B-8E81-F57D7E67721B}.Release|Any CPU.ActiveCfg = Release|Any CPU
		{70125481-F7F4-415B-8E81-F57D7E67721B}.Release|Any CPU.Build.0 = Release|Any CPU
	EndGlobalSection
	GlobalSection(SolutionProperties) = preSolution
		HideSolutionNode = FALSE
	EndGlobalSection
	GlobalSection(ExtensibilityGlobals) = postSolution
		SolutionGuid = {CA42DFD0-5EE0-4C35-B952-FCB976489FAA}
	EndGlobalSection
EndGlobal
